
Microsoft Visual Studio Solution File, Format Version 12.00
# Visual Studio Version 17
VisualStudioVersion = 17.4.33103.184
MinimumVisualStudioVersion = 10.0.40219.1
Project("{8BC9CEB8-8B4A-11D0-8D11-00A0C91BC942}") = "Injector", "Injector\Injector.vcxproj", "{5A1F6AA1-0E58-455A-B2E0-A6B3B904B077}"
EndProject
Project("{8BC9CEB8-8B4A-11D0-8D11-00A0C91BC942}") = "Granny", "GrannyConsole\GrannyConsole.vcxproj", "{13F7E79A-E9D5-4375-938E-6B91110EC7B2}"
EndProject
Global
	GlobalSection(SolutionConfigurationPlatforms) = preSolution
		Debug|x64 = Debug|x64
		Debug|x86 = Debug|x86
		Release|x64 = Release|x64
		Release|x86 = Release|x86
	EndGlobalSection
	GlobalSection(ProjectConfigurationPlatforms) = postSolution
		{5A1F6AA1-0E58-455A-B2E0-A6B3B904B077}.Debug|x64.ActiveCfg = Debug|x64
		{5A1F6AA1-0E58-455A-B2E0-A6B3B904B077}.Debug|x64.Build.0 = Debug|x64
		{5A1F6AA1-0E58-455A-B2E0-A6B3B904B077}.Debug|x86.ActiveCfg = Debug|Win32
		{5A1F6AA1-0E58-455A-B2E0-A6B3B904B077}.Debug|x86.Build.0 = Debug|Win32
		{5A1F6AA1-0E58-455A-B2E0-A6B3B904B077}.Release|x64.ActiveCfg = Release|x64
		{5A1F6AA1-0E58-455A-B2E0-A6B3B904B077}.Release|x64.Build.0 = Release|x64
		{5A1F6AA1-0E58-455A-B2E0-A6B3B904B077}.Release|x86.ActiveCfg = Release|Win32
		{5A1F6AA1-0E58-455A-B2E0-A6B3B904B077}.Release|x86.Build.0 = Release|Win32
		{13F7E79A-E9D5-4375-938E-6B91110EC7B2}.Debug|x64.ActiveCfg = Debug|x64
		{13F7E79A-E9D5-4375-938E-6B91110EC7B2}.Debug|x64.Build.0 = Debug|x64
		{13F7E79A-E9D5-4375-938E-6B91110EC7B2}.Debug|x86.ActiveCfg = Debug|Win32
		{13F7E79A-E9D5-4375-938E-6B91110EC7B2}.Debug|x86.Build.0 = Debug|Win32
		{13F7E79A-E9D5-4375-938E-6B91110EC7B2}.Release|x64.ActiveCfg = Release|x64
		{13F7E79A-E9D5-4375-938E-6B91110EC7B2}.Release|x64.Build.0 = Release|x64
		{13F7E79A-E9D5-4375-938E-6B91110EC7B2}.Release|x86.ActiveCfg = Release|Win32
		{13F7E79A-E9D5-4375-938E-6B91110EC7B2}.Release|x86.Build.0 = Release|Win32
	EndGlobalSection
	GlobalSection(SolutionProperties) = preSolution
		HideSolutionNode = FALSE
	EndGlobalSection
	GlobalSection(ExtensibilityGlobals) = postSolution
		SolutionGuid = {66E8140A-E186-46F6-9BFE-7AEB15C347D8}
	EndGlobalSection
EndGlobal
